%{
  "artificery": {:hex, :artificery, "0.4.2", "3ded6e29e13113af52811c72f414d1e88f711410cac1b619ab3a2666bbd7efd4", [:mix], [], "hexpm", "514586f4312ef3709a3ccbd8e55f69455add235c1729656687bb781d10d0afdb"},
  "atrium": {:git, "https://github.com/mxenabled/atrium-elixir.git", "19e16151756ad7dbd486b56820416e95aff17320", [branch: "jason"]},
  "certifi": {:hex, :certifi, "2.5.1", "867ce347f7c7d78563450a18a6a28a8090331e77fa02380b4a21962a65d36ee5", [:rebar3], [{:parse_trans, "~>3.3", [hex: :parse_trans, repo: "hexpm", optional: false]}], "hexpm", "805abd97539caf89ec6d4732c91e62ba9da0cda51ac462380bbd28ee697a8c42"},
  "chisel": {:hex, :chisel, "0.2.0", "4b0f9325fa508ef2bb4d4d6871e0df65aa17f06339e13af2c780b96621e58a56", [:mix], [], "hexpm", "6518566b56123ffedaf3ad776f0e8d14c85ebc27f7cb2c300c60248a6f3c55bd"},
  "circuits_gpio": {:hex, :circuits_gpio, "0.4.5", "4d5b0f707c425fc56f03086232259f65482a3d1f1cf15335253636d0bb846446", [:make, :mix], [{:elixir_make, "~> 0.6", [hex: :elixir_make, repo: "hexpm", optional: false]}], "hexpm", "b42d28d60a6cfdfb6b21b66ab0b8c5de0ea5a32b390b61d2fe86a2ad8edb90ad"},
  "circuits_i2c": {:hex, :circuits_i2c, "0.3.6", "348b8de3cf1ade6c4b92ad7c9de7068df1af0d441df341d7d126d53671924f64", [:make, :mix], [{:elixir_make, "~> 0.6", [hex: :elixir_make, repo: "hexpm", optional: false]}], "hexpm", "da5b2814e429021f22252867a3fa48d77d7fcabeb3ff8a6c40d549227749b6a7"},
  "circuits_spi": {:hex, :circuits_spi, "0.1.5", "5f1901c77fb982217a956498ba0d9d0d47cc58ec47731020621b5c95eee296c0", [:make, :mix], [{:elixir_make, "~> 0.6", [hex: :elixir_make, repo: "hexpm", optional: false]}], "hexpm", "134e1ded8e0379e3314a507e80a304cf5ba54edf294e157b7e7ecedcdca30dfd"},
  "circuits_uart": {:hex, :circuits_uart, "1.4.1", "f8151bfb5ac29fe2e791eec00bc6ec298fdb8fa81ddd80bdb0f9f2828f20d7b8", [:mix], [{:elixir_make, "~> 0.6", [hex: :elixir_make, repo: "hexpm", optional: false]}], "hexpm", "8cc3065de6d9b859f76d10fa438e243103eea1ba53b9749e4c63005c6d89780b"},
  "combine": {:hex, :combine, "0.10.0", "eff8224eeb56498a2af13011d142c5e7997a80c8f5b97c499f84c841032e429f", [:mix], [], "hexpm", "1b1dbc1790073076580d0d1d64e42eae2366583e7aecd455d1215b0d16f2451b"},
  "connection": {:hex, :connection, "1.0.4", "a1cae72211f0eef17705aaededacac3eb30e6625b04a6117c1b2db6ace7d5976", [:mix], [], "hexpm", "4a0850c9be22a43af9920a71ab17c051f5f7d45c209e40269a1938832510e4d9"},
  "cowboy": {:hex, :cowboy, "2.7.0", "91ed100138a764355f43316b1d23d7ff6bdb0de4ea618cb5d8677c93a7a2f115", [:rebar3], [{:cowlib, "~> 2.8.0", [hex: :cowlib, repo: "hexpm", optional: false]}, {:ranch, "~> 1.7.1", [hex: :ranch, repo: "hexpm", optional: false]}], "hexpm", "04fd8c6a39edc6aaa9c26123009200fc61f92a3a94f3178c527b70b767c6e605"},
  "cowlib": {:hex, :cowlib, "2.8.0", "fd0ff1787db84ac415b8211573e9a30a3ebe71b5cbff7f720089972b2319c8a4", [:rebar3], [], "hexpm", "79f954a7021b302186a950a32869dbc185523d99d3e44ce430cd1f3289f41ed4"},
  "db_connection": {:hex, :db_connection, "2.2.0", "e923e88887cd60f9891fd324ac5e0290954511d090553c415fbf54be4c57ee63", [:mix], [{:connection, "~> 1.0.2", [hex: :connection, repo: "hexpm", optional: false]}], "hexpm", "bdf196feedfa6b83071e808b2b086fb113f8a1c4c7761f6eff6fe4b96aba0086"},
  "decimal": {:hex, :decimal, "1.8.1", "a4ef3f5f3428bdbc0d35374029ffcf4ede8533536fa79896dd450168d9acdf3c", [:mix], [], "hexpm", "3cb154b00225ac687f6cbd4acc4b7960027c757a5152b369923ead9ddbca7aec"},
  "distillery": {:hex, :distillery, "2.1.1", "f9332afc2eec8a1a2b86f22429e068ef35f84a93ea1718265e740d90dd367814", [:mix], [{:artificery, "~> 0.2", [hex: :artificery, repo: "hexpm", optional: false]}], "hexpm", "bbc7008b0161a6f130d8d903b5b3232351fccc9c31a991f8fcbf2a12ace22995"},
  "dns": {:hex, :dns, "2.1.2", "81c46d39f7934f0e73368355126e4266762cf227ba61d5889635d83b2d64a493", [:mix], [{:socket, "~> 0.3.13", [hex: :socket, repo: "hexpm", optional: false]}], "hexpm", "6818589d8e59c03a2c73001e5cd7a957f99c30a796021aa32445ea14d0f3356b"},
  "ecto": {:hex, :ecto, "3.3.1", "82ab74298065bf0c64ca299f6c6785e68ea5d6b980883ee80b044499df35aba1", [:mix], [{:decimal, "~> 1.6", [hex: :decimal, repo: "hexpm", optional: false]}, {:jason, "~> 1.0", [hex: :jason, repo: "hexpm", optional: true]}], "hexpm", "e6c614dfe3bcff2d575ce16d815dbd43f4ee1844599a83de1eea81976a31c174"},
  "ecto_enum": {:hex, :ecto_enum, "1.4.0", "d14b00e04b974afc69c251632d1e49594d899067ee2b376277efd8233027aec8", [:mix], [{:ecto, ">= 3.0.0", [hex: :ecto, repo: "hexpm", optional: false]}, {:ecto_sql, "> 3.0.0", [hex: :ecto_sql, repo: "hexpm", optional: false]}, {:mariaex, ">= 0.0.0", [hex: :mariaex, repo: "hexpm", optional: true]}, {:postgrex, ">= 0.0.0", [hex: :postgrex, repo: "hexpm", optional: true]}], "hexpm", "8fb55c087181c2b15eee406519dc22578fa60dd82c088be376d0010172764ee4"},
  "ecto_sql": {:hex, :ecto_sql, "3.3.2", "92804e0de69bb63e621273c3492252cb08a29475c05d40eeb6f41ad2d483cfd3", [:mix], [{:db_connection, "~> 2.2", [hex: :db_connection, repo: "hexpm", optional: false]}, {:ecto, "~> 3.3", [hex: :ecto, repo: "hexpm", optional: false]}, {:myxql, "~> 0.3.0", [hex: :myxql, repo: "hexpm", optional: true]}, {:postgrex, "~> 0.15.0", [hex: :postgrex, repo: "hexpm", optional: true]}, {:telemetry, "~> 0.4.0", [hex: :telemetry, repo: "hexpm", optional: false]}], "hexpm", "b82d89d4e6a9f7f7f04783b07e8b0af968e0be2f01ee4b39047fe727c5c07471"},
  "elixir_make": {:hex, :elixir_make, "0.6.0", "38349f3e29aff4864352084fc736fa7fa0f2995a819a737554f7ebd28b85aaab", [:mix], [], "hexpm", "d522695b93b7f0b4c0fcb2dfe73a6b905b1c301226a5a55cb42e5b14d509e050"},
  "floki": {:hex, :floki, "0.23.1", "e100306ce7d8841d70a559748e5091542e2cfc67ffb3ade92b89a8435034dab1", [:mix], [{:html_entities, "~> 0.5.0", [hex: :html_entities, repo: "hexpm", optional: false]}], "hexpm", "39b431b6330206cadee418e793177401ebedf2e86abc945ddd545aedb37dfc19"},
  "fwup": {:hex, :fwup, "0.4.0", "c9f599748f52d13972e0471b789b74de90e451cf071bd9cdbbbf29e280efd9c7", [:mix], [], "hexpm", "88cdf2c2c46ed582b5ddf882b4928f1b9d99a7324ea3dfe1e9db59e5441b5894"},
  "gen_state_machine": {:hex, :gen_state_machine, "2.0.5", "9ac15ec6e66acac994cc442dcc2c6f9796cf380ec4b08267223014be1c728a95", [:mix], [], "hexpm", "5cacd405e72b2609a7e1f891bddb80c53d0b3b7b0036d1648e7382ca108c41c8"},
  "gettext": {:hex, :gettext, "0.17.3", "fb503dd75fc839085ce6beea6cc38a63b1ce51da5676de326334f6526fc980c1", [:mix], [], "hexpm", "91eea3507887ba5f7d03e0bdc5c8884c47792ae414dd2a5cfbe6396887e40b77"},
  "hackney": {:hex, :hackney, "1.15.2", "07e33c794f8f8964ee86cebec1a8ed88db5070e52e904b8f12209773c1036085", [:rebar3], [{:certifi, "2.5.1", [hex: :certifi, repo: "hexpm", optional: false]}, {:idna, "6.0.0", [hex: :idna, repo: "hexpm", optional: false]}, {:metrics, "1.0.1", [hex: :metrics, repo: "hexpm", optional: false]}, {:mimerl, "~>1.1", [hex: :mimerl, repo: "hexpm", optional: false]}, {:ssl_verify_fun, "1.1.5", [hex: :ssl_verify_fun, repo: "hexpm", optional: false]}], "hexpm", "e0100f8ef7d1124222c11ad362c857d3df7cb5f4204054f9f0f4a728666591fc"},
  "html_entities": {:hex, :html_entities, "0.5.0", "40f5c5b9cbe23073b48a4e69c67b6c11974f623a76165e2b92d098c0e88ccb1d", [:mix], [], "hexpm", "8e9186e1873bea1067895f6a542b59df6c9fcf3b516ba272eeff3ea0c7b755cd"},
  "httpoison": {:hex, :httpoison, "1.6.2", "ace7c8d3a361cebccbed19c283c349b3d26991eff73a1eaaa8abae2e3c8089b6", [:mix], [{:hackney, "~> 1.15 and >= 1.15.2", [hex: :hackney, repo: "hexpm", optional: false]}], "hexpm", "aa2c74bd271af34239a3948779612f87df2422c2fdcfdbcec28d9c105f0773fe"},
  "hub_api": {:git, "git@github.com:jjcarstens/hub_umbrella", "9b3caea82ffae3d41a651c9e242ead14298c102e", [sparse: "apps/hub_api"]},
  "hub_context": {:git, "git@github.com:jjcarstens/hub_umbrella", "9b3caea82ffae3d41a651c9e242ead14298c102e", [sparse: "apps/hub_context"]},
  "idna": {:hex, :idna, "6.0.0", "689c46cbcdf3524c44d5f3dde8001f364cd7608a99556d8fbd8239a5798d4c10", [:rebar3], [{:unicode_util_compat, "0.4.1", [hex: :unicode_util_compat, repo: "hexpm", optional: false]}], "hexpm", "4bdd305eb64e18b0273864920695cb18d7a2021f31a11b9c5fbcd9a253f936e2"},
  "input_event": {:hex, :input_event, "0.4.0", "377b6ec66829cf3448925455a3177bfdffdc6aee5db603493b24b04863e907f5", [:make, :mix], [{:elixir_make, "~> 0.4", [hex: :elixir_make, repo: "hexpm", optional: false]}], "hexpm", "4e74470342fd42c7b678aeae02446d61b184c3e22e9ac8dcc71ec423909c10dc"},
  "jason": {:hex, :jason, "1.1.2", "b03dedea67a99223a2eaf9f1264ce37154564de899fd3d8b9a21b1a6fd64afe7", [:mix], [{:decimal, "~> 1.0", [hex: :decimal, repo: "hexpm", optional: true]}], "hexpm", "fdf843bca858203ae1de16da2ee206f53416bbda5dc8c9e78f43243de4bc3afe"},
  "keypad": {:hex, :keypad, "0.2.0", "64f032a0728a1d5866701f950d7279d8de954ca7209736246a3924e48f8aea4f", [:mix], [{:circuits_gpio, "~> 0.3", [hex: :circuits_gpio, repo: "hexpm", optional: false]}], "hexpm", "9d4e87dcee494f9d1c94c5a26ded2c3cea14c18cc1fd08ac9e4b1bb21d80056a"},
  "master_proxy": {:hex, :master_proxy, "0.1.3", "62663e4fddf8ce1af811037631045d7de04869004246f45e75b8a99cd01fcf08", [:mix], [{:phoenix, "~> 1.4", [hex: :phoenix, repo: "hexpm", optional: false]}, {:plug_cowboy, "~> 2.0", [hex: :plug_cowboy, repo: "hexpm", optional: false]}], "hexpm", "6f33525e510540843ac02f0ecf93f6d43b2ccf1dba9b165a50bc964e321c3aca"},
  "mdns_lite": {:hex, :mdns_lite, "0.6.1", "6be652b99612d6790594b7e24ad04efd064028be4b9f199a8924fd4a89dd8881", [:mix], [{:dns, "~> 2.1", [hex: :dns, repo: "hexpm", optional: false]}, {:vintage_net, "~> 0.6", [hex: :vintage_net, repo: "hexpm", optional: true]}], "hexpm", "e664f7ddacf7b811f9b7cec0c06c4e39788971bbdce24a19dc0f83c137aef8a0"},
  "metrics": {:hex, :metrics, "1.0.1", "25f094dea2cda98213cecc3aeff09e940299d950904393b2a29d191c346a8486", [:rebar3], [], "hexpm", "69b09adddc4f74a40716ae54d140f93beb0fb8978d8636eaded0c31b6f099f16"},
  "mime": {:hex, :mime, "1.3.1", "30ce04ab3175b6ad0bdce0035cba77bba68b813d523d1aac73d9781b4d193cf8", [:mix], [], "hexpm", "6cbe761d6a0ca5a31a0931bf4c63204bceb64538e664a8ecf784a9a6f3b875f1"},
  "mimerl": {:hex, :mimerl, "1.2.0", "67e2d3f571088d5cfd3e550c383094b47159f3eee8ffa08e64106cdf5e981be3", [:rebar3], [], "hexpm", "f278585650aa581986264638ebf698f8bb19df297f66ad91b18910dfc6e19323"},
  "muontrap": {:hex, :muontrap, "0.5.0", "0b885a4095e990000d519441bccb8f037a9c4c35908720e7814a516a606be278", [:make, :mix], [{:elixir_make, "~> 0.6", [hex: :elixir_make, repo: "hexpm", optional: false]}], "hexpm", "09d6c4edbd83024c6de1035a5629708df21a60d011d06d5aa66fe8ac9baaa3ae"},
  "nerves": {:hex, :nerves, "1.5.3", "14abb71fa1ce0cd281ffb6ba743c6c896b664efc3c2dd542f8682a55602176d8", [:mix], [{:distillery, "~> 2.1", [hex: :distillery, repo: "hexpm", optional: true]}, {:jason, "~> 1.0", [hex: :jason, repo: "hexpm", optional: true]}], "hexpm", "227aae332ea2c68bf9d67fdce6d3700f66cae19a774700278e32cdf657f5f409"},
  "nerves_firmware_ssh": {:hex, :nerves_firmware_ssh, "0.4.4", "12b0d9c84ec9f79c1b0ac0de1c575372ef972d0c58ce21c36bf354062c6222d9", [:mix], [{:nerves_runtime, "~> 0.6", [hex: :nerves_runtime, repo: "hexpm", optional: false]}], "hexpm", "98c40104d0d2c6e6e8cce22f8c8fd8ad5b4b97f8694e42a9101ca44befac38f0"},
  "nerves_hub": {:hex, :nerves_hub, "0.7.4", "0e104cad468c3d601ed423e116ea3422fbd31b7eedb263bcb2a5c489dca8b53b", [:mix], [{:fwup, "~> 0.3.0", [hex: :fwup, repo: "hexpm", optional: false]}, {:hackney, "~> 1.10", [hex: :hackney, repo: "hexpm", optional: false]}, {:jason, "~> 1.0", [hex: :jason, repo: "hexpm", optional: false]}, {:nerves_hub_cli, "~> 0.9", [hex: :nerves_hub_cli, repo: "hexpm", optional: false]}, {:nerves_runtime, "~> 0.8", [hex: :nerves_runtime, repo: "hexpm", optional: false]}, {:phoenix_client, "~> 0.7", [hex: :phoenix_client, repo: "hexpm", optional: false]}, {:websocket_client, "~> 1.3", [hex: :websocket_client, repo: "hexpm", optional: false]}, {:x509, "~> 0.5", [hex: :x509, repo: "hexpm", optional: false]}], "hexpm"},
  "nerves_hub_cli": {:hex, :nerves_hub_cli, "0.9.1", "e2e5b412124ab5d0e68d619b14b09231561f3b28284122a6cbedf6ae137b26c4", [:mix], [{:nerves_hub_user_api, "~> 0.6", [hex: :nerves_hub_user_api, repo: "hexpm", optional: false]}, {:pbcs, "~> 0.1", [hex: :pbcs, repo: "hexpm", optional: false]}, {:table_rex, "~> 2.0.0", [hex: :table_rex, repo: "hexpm", optional: false]}, {:x509, "~> 0.3", [hex: :x509, repo: "hexpm", optional: false]}], "hexpm", "b956b75b6dfed71fd635f5d1175a63438c8b96cc5f7dbc78bb5fe9a9fb776827"},
  "nerves_hub_link": {:hex, :nerves_hub_link, "0.7.6", "fc7428a308c8b6bd6a69ad57a9594b193e4ada8a3d3abb441c8b2a4d33c431a5", [:mix], [{:fwup, "~> 0.4.0", [hex: :fwup, repo: "hexpm", optional: false]}, {:hackney, "~> 1.10", [hex: :hackney, repo: "hexpm", optional: false]}, {:jason, "~> 1.0", [hex: :jason, repo: "hexpm", optional: false]}, {:nerves_hub_cli, "~> 0.8", [hex: :nerves_hub_cli, repo: "hexpm", optional: false]}, {:nerves_key, "~> 0.5", [hex: :nerves_key, repo: "hexpm", optional: true]}, {:nerves_runtime, "~> 0.8", [hex: :nerves_runtime, repo: "hexpm", optional: false]}, {:phoenix_client, "~> 0.7", [hex: :phoenix_client, repo: "hexpm", optional: false]}, {:websocket_client, "~> 1.3", [hex: :websocket_client, repo: "hexpm", optional: false]}, {:x509, "~> 0.5", [hex: :x509, repo: "hexpm", optional: false]}], "hexpm", "550807ec5ad72e04a2a691f9754ea17cd073bff86fa81374ec04e337c25d79c2"},
  "nerves_hub_user_api": {:hex, :nerves_hub_user_api, "0.6.0", "14f7bd249275c647981e6601ebef909fd4036391aef010ff74d01d4799b90bdf", [:mix], [{:hackney, "~> 1.9", [hex: :hackney, repo: "hexpm", optional: false]}, {:jason, "~> 1.0", [hex: :jason, repo: "hexpm", optional: false]}, {:tesla, "~> 1.2.1 or ~> 1.3", [hex: :tesla, repo: "hexpm", optional: false]}, {:x509, "~> 0.3", [hex: :x509, repo: "hexpm", optional: false]}], "hexpm", "de682a5f5302d1f602a92f82fe2380abd658640ca25f620a8e9854e883020ea0"},
  "nerves_pack": {:hex, :nerves_pack, "0.2.1", "91e9e598afc3cf5573b9945d532cd28eeacf6b25c2fdd435dbed9d7511869b82", [:mix], [{:circuits_gpio, "~> 0.4", [hex: :circuits_gpio, repo: "hexpm", optional: true]}, {:mdns_lite, "~> 0.6", [hex: :mdns_lite, repo: "hexpm", optional: false]}, {:nerves_firmware_ssh, "~> 0.4", [hex: :nerves_firmware_ssh, repo: "hexpm", optional: false]}, {:nerves_runtime, "~> 0.6", [hex: :nerves_runtime, repo: "hexpm", optional: false]}, {:nerves_time, "~> 0.3", [hex: :nerves_time, repo: "hexpm", optional: false]}, {:ring_logger, "~> 0.8", [hex: :ring_logger, repo: "hexpm", optional: false]}, {:vintage_net, "~> 0.7.0", [hex: :vintage_net, repo: "hexpm", optional: false]}, {:vintage_net_direct, "~> 0.7.0", [hex: :vintage_net_direct, repo: "hexpm", optional: false]}, {:vintage_net_ethernet, "~> 0.7.0", [hex: :vintage_net_ethernet, repo: "hexpm", optional: false]}, {:vintage_net_wifi, "~> 0.7.0", [hex: :vintage_net_wifi, repo: "hexpm", optional: false]}, {:vintage_net_wizard, "~> 0.2.0", [hex: :vintage_net_wizard, repo: "hexpm", optional: true]}], "hexpm", "791820be9e2f6b0080a3799c3a62af2f4f758e292fc135160166419de4634e3d"},
  "nerves_runtime": {:hex, :nerves_runtime, "0.10.3", "8671c805262a6b8819a92b16afb100060af55a807a30f62395136c133e72b4ab", [:make, :mix], [{:elixir_make, "~> 0.6", [hex: :elixir_make, repo: "hexpm", optional: false]}, {:system_registry, "~> 0.8.0", [hex: :system_registry, repo: "hexpm", optional: false]}, {:uboot_env, "~> 0.1.1", [hex: :uboot_env, repo: "hexpm", optional: false]}], "hexpm", "1ed7d228490f2138a028bf293f9f492b716da10d33f43615e4318731961f3866"},
  "nerves_system_br": {:hex, :nerves_system_br, "1.10.0", "29169ebad0415b916bf3b9890f821a91b70be9af93a7fd824aa661f17b193548", [:mix], [], "hexpm", "3f13276c2e28141e6033d7c0c7b041f690727c3f72b8d0f5d9001acf6a18fe74"},
  "nerves_system_linter": {:hex, :nerves_system_linter, "0.3.0", "84e0f63c8ac196b16b77608bbe7df66dcf352845c4e4fb394bffd2b572025413", [:mix], [], "hexpm", "bffbdfb116bc72cde6e408c34c0670b199846e9a8f0953cc1c9f1eea693821a1"},
  "nerves_system_rpi0": {:hex, :nerves_system_rpi0, "1.10.0", "af2330d3a17faab6dadbeb54412e132438eaaf7a489f38b8de0f3ef06f2712ae", [:mix], [{:nerves, "~> 1.5.0", [hex: :nerves, repo: "hexpm", optional: false]}, {:nerves_system_br, "1.10.0", [hex: :nerves_system_br, repo: "hexpm", optional: false]}, {:nerves_system_linter, "~> 0.3.0", [hex: :nerves_system_linter, repo: "hexpm", optional: false]}, {:nerves_toolchain_armv6_rpi_linux_gnueabi, "1.2.0", [hex: :nerves_toolchain_armv6_rpi_linux_gnueabi, repo: "hexpm", optional: false]}], "hexpm", "49df64ae9473c86d8b8885795e50abdff863aeaacca10d162dbe590f4a1f7258"},
  "nerves_system_rpi3": {:hex, :nerves_system_rpi3, "1.10.0", "6fe30a856a985820cc952683feda913a118b0fb38a5b5e227c79aa01ed9aadc9", [:mix], [{:nerves, "~> 1.5.0", [hex: :nerves, repo: "hexpm", optional: false]}, {:nerves_system_br, "1.10.0", [hex: :nerves_system_br, repo: "hexpm", optional: false]}, {:nerves_system_linter, "~> 0.3.0", [hex: :nerves_system_linter, repo: "hexpm", optional: false]}, {:nerves_toolchain_arm_unknown_linux_gnueabihf, "1.2.0", [hex: :nerves_toolchain_arm_unknown_linux_gnueabihf, repo: "hexpm", optional: false]}], "hexpm", "8325ffb2412917a1efe053ea67541956befcac0ec8ea2b9ce27258d34197f34e"},
  "nerves_system_rpi3a": {:hex, :nerves_system_rpi3a, "1.10.0", "9ae7ed6178002751f07427dfd01fb76f3699e078409480e9978725b7fc086ff2", [:mix], [{:nerves, "~> 1.5.0", [hex: :nerves, repo: "hexpm", optional: false]}, {:nerves_system_br, "1.10.0", [hex: :nerves_system_br, repo: "hexpm", optional: false]}, {:nerves_system_linter, "~> 0.3.0", [hex: :nerves_system_linter, repo: "hexpm", optional: false]}, {:nerves_toolchain_arm_unknown_linux_gnueabihf, "1.2.0", [hex: :nerves_toolchain_arm_unknown_linux_gnueabihf, repo: "hexpm", optional: false]}], "hexpm", "d42e881356b9f7c1bd01c54820afabb9a03cb359a95497e0b4f7141cd94f6f24"},
  "nerves_time": {:hex, :nerves_time, "0.3.2", "cbd1048701a756695cda6ec5835419e47505a7fe437f97088c9475dc6f8ab625", [:make, :mix], [{:elixir_make, "~> 0.6", [hex: :elixir_make, repo: "hexpm", optional: false]}, {:muontrap, "~> 0.5", [hex: :muontrap, repo: "hexpm", optional: false]}], "hexpm", "b2da78b6d98775c29a7bd296d4b293a89a849a0fed2a685774892b50b2b63444"},
  "nerves_toolchain_arm_unknown_linux_gnueabihf": {:hex, :nerves_toolchain_arm_unknown_linux_gnueabihf, "1.2.0", "ba48ce7c846ee12dfca8148dc7240988d96a3f2eb9c234bf08bffe4f0f7a3c62", [:mix], [{:nerves, "~> 1.0", [hex: :nerves, repo: "hexpm", optional: false]}, {:nerves_toolchain_ctng, "~> 1.6.0", [hex: :nerves_toolchain_ctng, repo: "hexpm", optional: false]}], "hexpm", "18df425fee48a9088bf941d3615c677b818b537310123c4b4c90b710e4a34180"},
  "nerves_toolchain_armv6_rpi_linux_gnueabi": {:hex, :nerves_toolchain_armv6_rpi_linux_gnueabi, "1.2.0", "007668c7ad1f73bad8fd54ad1a27a3b0fb91bca51b4af6bb3bbdac968ccae0ba", [:mix], [{:nerves, "~> 1.0", [hex: :nerves, repo: "hexpm", optional: false]}, {:nerves_toolchain_ctng, "~> 1.6.0", [hex: :nerves_toolchain_ctng, repo: "hexpm", optional: false]}], "hexpm", "4e843f405d4b8e6137419f94e5b8f491bff5a87b02ac2223e126182e8cec4256"},
  "nerves_toolchain_ctng": {:hex, :nerves_toolchain_ctng, "1.6.0", "452f8589c1a58ac787477caab20a8cfc6671e345837ccc19beefe49ae35ba983", [:mix], [{:nerves, "~> 1.0", [hex: :nerves, repo: "hexpm", optional: false]}], "hexpm", "7ee5744dc606c6debf3e459ef122e77c13d6a1be9e093f7e29af3759896f9dbb"},
  "oauth2": {:hex, :oauth2, "0.9.4", "632e8e8826a45e33ac2ea5ac66dcc019ba6bb5a0d2ba77e342d33e3b7b252c6e", [:mix], [{:hackney, "~> 1.7", [hex: :hackney, repo: "hexpm", optional: false]}], "hexpm", "407c6b9f60aa0d01b915e2347dc6be78adca706a37f0c530808942da3b62e7af"},
  "oled": {:git, "https://github.com/pappersverk/oled.git", "01f11cb3dfa5ac8f9e1a83bc1fd028dd42e1f302", [ref: "01f11cb3dfa5ac8f9e1a83bc1fd028dd42e1f302"]},
  "one_dhcpd": {:hex, :one_dhcpd, "0.2.4", "2664f2e1ac72cbae0474a88d1a3d55019ccc3ee582ded382589511627a8ed516", [:make, :mix], [{:elixir_make, "~> 0.6", [hex: :elixir_make, repo: "hexpm", optional: false]}], "hexpm", "38f08c228d066153dbe352b150910345e395eacd2db3c19085d54c0baeeebacb"},
  "parse_trans": {:hex, :parse_trans, "3.3.0", "09765507a3c7590a784615cfd421d101aec25098d50b89d7aa1d66646bc571c1", [:rebar3], [], "hexpm", "17ef63abde837ad30680ea7f857dd9e7ced9476cdd7b0394432af4bfc241b960"},
  "pbcs": {:hex, :pbcs, "0.1.1", "199c7fd4af3351758378355909145a2d187c565555ed16bde30b5055114652ed", [:mix], [], "hexpm", "7bf2553c32bc7948959e599de0b39745ef988b0914fdb2cf89ea2bed569c1357"},
  "phoenix": {:git, "https://github.com/phoenixframework/phoenix.git", "e173b78ef38871641d6f1aec105695df68939ffc", [branch: "v1.4"]},
  "phoenix_client": {:hex, :phoenix_client, "0.10.0", "a77ace5495c400001808e96980673dd3b97b1048f296fd032991c52e8f5fe93d", [:mix], [{:jason, "~> 1.0", [hex: :jason, repo: "hexpm", optional: true]}, {:websocket_client, "~> 1.3", [hex: :websocket_client, repo: "hexpm", optional: true]}], "hexpm", "9374a29a9f835125cec73a2b45086eedce8df6b4d7c5353fced11bb48a3d6800"},
  "phoenix_ecto": {:hex, :phoenix_ecto, "4.1.0", "a044d0756d0464c5a541b4a0bf4bcaf89bffcaf92468862408290682c73ae50d", [:mix], [{:ecto, "~> 3.0", [hex: :ecto, repo: "hexpm", optional: false]}, {:phoenix_html, "~> 2.9", [hex: :phoenix_html, repo: "hexpm", optional: true]}, {:plug, "~> 1.0", [hex: :plug, repo: "hexpm", optional: false]}], "hexpm", "c5e666a341ff104d0399d8f0e4ff094559b2fde13a5985d4cb5023b2c2ac558b"},
  "phoenix_html": {:hex, :phoenix_html, "2.14.0", "d8c6bc28acc8e65f8ea0080ee05aa13d912c8758699283b8d3427b655aabe284", [:mix], [{:plug, "~> 1.5", [hex: :plug, repo: "hexpm", optional: false]}], "hexpm", "b0bb30eda478a06dbfbe96728061a93833db3861a49ccb516f839ecb08493fbb"},
  "phoenix_live_view": {:git, "https://github.com/phoenixframework/phoenix_live_view.git", "b187c4b54f3306613e081be8a6185b69580dcb2d", []},
  "phoenix_pubsub": {:hex, :phoenix_pubsub, "1.1.2", "496c303bdf1b2e98a9d26e89af5bba3ab487ba3a3735f74bf1f4064d2a845a3e", [:mix], [], "hexpm", "1f13f9f0f3e769a667a6b6828d29dec37497a082d195cc52dbef401a9b69bf38"},
  "plug": {:hex, :plug, "1.9.0", "8d7c4e26962283ff9f8f3347bd73838e2413fbc38b7bb5467d5924f68f3a5a4a", [:mix], [{:mime, "~> 1.0", [hex: :mime, repo: "hexpm", optional: false]}, {:plug_crypto, "~> 1.0", [hex: :plug_crypto, repo: "hexpm", optional: false]}, {:telemetry, "~> 0.4", [hex: :telemetry, repo: "hexpm", optional: true]}], "hexpm", "9902eda2c52ada2a096434682e99a2493f5d06a94d6ac6bcfff9805f952350f1"},
  "plug_cowboy": {:hex, :plug_cowboy, "2.1.2", "8b0addb5908c5238fac38e442e81b6fcd32788eaa03246b4d55d147c47c5805e", [:mix], [{:cowboy, "~> 2.5", [hex: :cowboy, repo: "hexpm", optional: false]}, {:plug, "~> 1.7", [hex: :plug, repo: "hexpm", optional: false]}], "hexpm", "7d722581ce865a237e14da6d946f92704101740a256bd13ec91e63c0b122fc70"},
  "plug_crypto": {:hex, :plug_crypto, "1.1.2", "bdd187572cc26dbd95b87136290425f2b580a116d3fb1f564216918c9730d227", [:mix], [], "hexpm", "6b8b608f895b6ffcfad49c37c7883e8df98ae19c6a28113b02aa1e9c5b22d6b5"},
  "postgrex": {:hex, :postgrex, "0.15.3", "5806baa8a19a68c4d07c7a624ccdb9b57e89cbc573f1b98099e3741214746ae4", [:mix], [{:connection, "~> 1.0", [hex: :connection, repo: "hexpm", optional: false]}, {:db_connection, "~> 2.1", [hex: :db_connection, repo: "hexpm", optional: false]}, {:decimal, "~> 1.5", [hex: :decimal, repo: "hexpm", optional: false]}, {:jason, "~> 1.0", [hex: :jason, repo: "hexpm", optional: true]}], "hexpm", "4737ce62a31747b4c63c12b20c62307e51bb4fcd730ca0c32c280991e0606c90"},
  "ranch": {:hex, :ranch, "1.7.1", "6b1fab51b49196860b733a49c07604465a47bdb78aa10c1c16a3d199f7f8c881", [:rebar3], [], "hexpm", "451d8527787df716d99dc36162fca05934915db0b6141bbdac2ea8d3c7afc7d7"},
  "replex": {:hex, :replex, "0.2.1", "0216e9403e1188ed7df0da10091265b1eebcd672f5e070eddad489c9069f33ec", [:make, :mix], [{:elixir_make, "~> 0.6", [hex: :elixir_make, repo: "hexpm", optional: false]}], "hexpm", "aec7940742e7af9d74c2778d0cd25e05820e30a21b10eff1bd57bbd31836c554"},
  "ring_logger": {:hex, :ring_logger, "0.8.0", "b1baddc269099b2afe2ea3a87b8e2b71e57331c0000038ae55090068aac679db", [:mix], [], "hexpm", "9b2f482e4346c13c11ef555f898202d0ddbfda6e2354e5c6e0559d2b4e0cf781"},
  "shoehorn": {:hex, :shoehorn, "0.6.0", "f9a1b7d6212cf18ba91c4f71c26076059df33cea4db2eb3c098bfa6673349412", [:mix], [{:distillery, "~> 2.1", [hex: :distillery, repo: "hexpm", optional: true]}], "hexpm", "e54a1f58a121caf8f0f3a355686b2661258b1bc0d4fffef8923bd7b11c2f9d79"},
  "socket": {:hex, :socket, "0.3.13", "98a2ab20ce17f95fb512c5cadddba32b57273e0d2dba2d2e5f976c5969d0c632", [:mix], [], "hexpm", "f82ea9833ef49dde272e6568ab8aac657a636acb4cf44a7de8a935acb8957c2e"},
  "ssl_verify_fun": {:hex, :ssl_verify_fun, "1.1.5", "6eaf7ad16cb568bb01753dbbd7a95ff8b91c7979482b95f38443fe2c8852a79b", [:make, :mix, :rebar3], [], "hexpm", "13104d7897e38ed7f044c4de953a6c28597d1c952075eb2e328bc6d6f2bfc496"},
  "system_registry": {:hex, :system_registry, "0.8.2", "df791dc276652fcfb53be4dab823e05f8269b96ac57c26f86a67838dbc0eefe7", [:mix], [], "hexpm", "f7acdede22c73ab0b3735eead7f2095efb2a7a6198366564205274db2ca2a8f8"},
  "table_rex": {:hex, :table_rex, "2.0.0", "712783cbc2decb4d644d2ab8ad9315294f960c41b2cf0539308164922e352084", [:mix], [], "hexpm", "b183ff68abe9ace8764af4c2828767865d2c854d1d6f8cfd3660218166ed89a1"},
  "telemetry": {:hex, :telemetry, "0.4.1", "ae2718484892448a24470e6aa341bc847c3277bfb8d4e9289f7474d752c09c7f", [:rebar3], [], "hexpm", "4738382e36a0a9a2b6e25d67c960e40e1a2c95560b9f936d8e29de8cd858480f"},
  "tesla": {:hex, :tesla, "1.3.1", "f4d72826b87de3306d2905c2c3ef7861863ac65b724f9072d4068d8ba2975a2f", [:mix], [{:castore, "~> 0.1", [hex: :castore, repo: "hexpm", optional: true]}, {:exjsx, ">= 3.0.0", [hex: :exjsx, repo: "hexpm", optional: true]}, {:fuse, "~> 2.4", [hex: :fuse, repo: "hexpm", optional: true]}, {:gun, "~> 1.3", [hex: :gun, repo: "hexpm", optional: true]}, {:hackney, "~> 1.6", [hex: :hackney, repo: "hexpm", optional: true]}, {:ibrowse, "~> 4.4.0", [hex: :ibrowse, repo: "hexpm", optional: true]}, {:jason, ">= 1.0.0", [hex: :jason, repo: "hexpm", optional: true]}, {:mime, "~> 1.0", [hex: :mime, repo: "hexpm", optional: false]}, {:mint, "~> 1.0", [hex: :mint, repo: "hexpm", optional: true]}, {:poison, ">= 1.0.0", [hex: :poison, repo: "hexpm", optional: true]}, {:telemetry, "~> 0.3", [hex: :telemetry, repo: "hexpm", optional: true]}], "hexpm", "e2b85bc2a1a9b12949e393b09131353932e8455388dd35a3b3afade8b9254f18"},
  "timex": {:hex, :timex, "3.6.1", "efdf56d0e67a6b956cc57774353b0329c8ab7726766a11547e529357ffdc1d56", [:mix], [{:combine, "~> 0.10", [hex: :combine, repo: "hexpm", optional: false]}, {:gettext, "~> 0.10", [hex: :gettext, repo: "hexpm", optional: false]}, {:tzdata, "~> 0.1.8 or ~> 0.5 or ~> 1.0.0", [hex: :tzdata, repo: "hexpm", optional: false]}], "hexpm", "f354efb2400dd7a80fd9eb6c8419068c4f632da4ac47f3d8822d6e33f08bc852"},
  "toolshed": {:hex, :toolshed, "0.2.11", "0cd5312bd6a48f5b654b6ffa9239a63af9f3d200da414790fe25f066e14842a9", [:mix], [{:nerves_runtime, "~> 0.8", [hex: :nerves_runtime, repo: "hexpm", optional: true]}], "hexpm", "f22ae95d77136f9f7db93cddd40d42bc8252d825f15a772a17d4c7947b6faad5"},
  "tzdata": {:hex, :tzdata, "1.0.3", "73470ad29dde46e350c60a66e6b360d3b99d2d18b74c4c349dbebbc27a09a3eb", [:mix], [{:hackney, "~> 1.0", [hex: :hackney, repo: "hexpm", optional: false]}], "hexpm", "a6e1ee7003c4d04ecbd21dd3ec690d4c6662db5d3bbdd7262d53cdf5e7c746c1"},
  "uboot_env": {:hex, :uboot_env, "0.1.1", "b01e3ec0973e99473234f27839e29e63b5b81eba6a136a18a78d049d4813d6c5", [:mix], [], "hexpm", "f7b82da0cb40c8db9c9fb1fc977780ab0c28d961ec1f3c7ab265c4352e4141ae"},
  "ueberauth": {:hex, :ueberauth, "0.6.2", "25a31111249d60bad8b65438b2306a4dc91f3208faa62f5a8c33e8713989b2e8", [:mix], [{:plug, "~> 1.5", [hex: :plug, repo: "hexpm", optional: false]}], "hexpm", "db9fbfb5ac707bc4f85a297758406340bf0358b4af737a88113c1a9eee120ac7"},
  "ueberauth_facebook": {:hex, :ueberauth_facebook, "0.8.0", "9ec8571f804dd5c06f4e305d70606b39fc0ac8a8f43ed56ebb76012a97d14729", [:mix], [{:oauth2, "~> 0.9", [hex: :oauth2, repo: "hexpm", optional: false]}, {:ueberauth, "~> 0.4", [hex: :ueberauth, repo: "hexpm", optional: false]}], "hexpm", "6d0c88d6ea4cc40cf99b3abcf8aaa435a31f836dc8921e8b4015d760e183f7ba"},
  "unicode_util_compat": {:hex, :unicode_util_compat, "0.4.1", "d869e4c68901dd9531385bb0c8c40444ebf624e60b6962d95952775cac5e90cd", [:rebar3], [], "hexpm", "1d1848c40487cdb0b30e8ed975e34e025860c02e419cb615d255849f3427439d"},
  "vintage_net": {:hex, :vintage_net, "0.7.2", "b14468e29704156f133a9342fd41c8cfc9bae0849bfa20a6859b29ac9e28166e", [:make, :mix], [{:busybox, "~> 0.1.4", [hex: :busybox, repo: "hexpm", optional: true]}, {:elixir_make, "~> 0.6", [hex: :elixir_make, repo: "hexpm", optional: false]}, {:gen_state_machine, "~> 2.0.0", [hex: :gen_state_machine, repo: "hexpm", optional: false]}, {:muontrap, "~> 0.5.0", [hex: :muontrap, repo: "hexpm", optional: false]}], "hexpm", "4073b759b84a8f2f98ad34f823657212773d1717703a61a8e7f72d1e8b6f747c"},
  "vintage_net_direct": {:hex, :vintage_net_direct, "0.7.0", "6a8d95432fc2fb9a9e0225bf1a6dbb7c1ba097bb509a989e947ad3f44d2b0f28", [:mix], [{:one_dhcpd, "~> 0.2.3", [hex: :one_dhcpd, repo: "hexpm", optional: false]}, {:vintage_net, "~> 0.7.0", [hex: :vintage_net, repo: "hexpm", optional: false]}], "hexpm", "9c091687dccbc379ba3b8de01458a3e911321aa391e2c2ae3be7edadd0c51f76"},
  "vintage_net_ethernet": {:hex, :vintage_net_ethernet, "0.7.0", "b66a4da0846b4a55a471d15d8ab2bedbbef9c75c18f4e511c43777f7cfeffa09", [:mix], [{:vintage_net, "~> 0.7.0", [hex: :vintage_net, repo: "hexpm", optional: false]}], "hexpm", "bff0fa24b153b80dab959a0697777c4de7c3272c387ffa618f73805d66757c3f"},
  "vintage_net_wifi": {:hex, :vintage_net_wifi, "0.7.0", "be3d8275fa40ba357159033523606c74c8f612dbd60801840df60835453a6906", [:make, :mix], [{:elixir_make, "~> 0.6", [hex: :elixir_make, repo: "hexpm", optional: false]}, {:vintage_net, "~> 0.7.0", [hex: :vintage_net, repo: "hexpm", optional: false]}], "hexpm", "a9dfac64705f0b7cd7e0fc2338cf891eef091a49385805d0a42c22fb0aaa7c84"},
  "vintage_net_wizard": {:hex, :vintage_net_wizard, "0.2.2", "ab2c749718a92fefff3890013613f64a58535d6d0d5569380eb11bcf4dc7b13b", [:mix], [{:jason, "~> 1.0", [hex: :jason, repo: "hexpm", optional: false]}, {:nerves_runtime, "~> 0.10", [hex: :nerves_runtime, repo: "hexpm", optional: false]}, {:phoenix_html, "~> 2.13", [hex: :phoenix_html, repo: "hexpm", optional: false]}, {:plug_cowboy, "~> 2.0", [hex: :plug_cowboy, repo: "hexpm", optional: false]}, {:vintage_net_wifi, "~> 0.7.0", [hex: :vintage_net_wifi, repo: "hexpm", optional: false]}], "hexpm", "082c7b8c258d493089da089511b9eed5bb639d233c49458a3109d48814a1b14c"},
  "websocket_client": {:hex, :websocket_client, "1.3.0", "2275d7daaa1cdacebf2068891c9844b15f4fdc3de3ec2602420c2fb486db59b6", [:rebar3], [], "hexpm", "b864fa076f059b615da4ab99240e515b26132ce4d2d0f9df5d7f22f01fa04b65"},
  "websockex": {:hex, :websockex, "0.4.2", "9a3b7dc25655517ecd3f8ff7109a77fce94956096b942836cdcfbc7c86603ecc", [:mix], [], "hexpm", "803cd76e91544b56f0e655e36790be797fa6436db9224f7c303db9b9df2a3df4"},
  "x509": {:hex, :x509, "0.8.0", "b286b9dbb32801f76f48bdea476304d280c64ce172ea330c23d8df7ea9e75ce6", [:mix], [], "hexpm", "8aafaafdcafb1ea9f06bfc32c3b03ccc66f087e0faf36ef94c0195bb7a04157e"},
}
